
Microsoft Visual Studio Solution File, Format Version 12.00
# Visual Studio Version 17
VisualStudioVersion = 17.13.35919.96 d17.13
MinimumVisualStudioVersion = 10.0.40219.1
Project("{F2A71F9B-5D33-465A-A702-920D77279786}") = "UnconcurrentBlog", "UnconcurrentBlog\UnconcurrentBlog.fsproj", "{60D6764E-9FFE-465B-907A-04F48FF2AC33}"
EndProject
Global
	GlobalSection(SolutionConfigurationPlatforms) = preSolution
		Debug|Any CPU = Debug|Any CPU
		Release|Any CPU = Release|Any CPU
	EndGlobalSection
	GlobalSection(ProjectConfigurationPlatforms) = postSolution
		{60D6764E-9FFE-465B-907A-04F48FF2AC33}.Debug|Any CPU.ActiveCfg = Debug|Any CPU
		{60D6764E-9FFE-465B-907A-04F48FF2AC33}.Debug|Any CPU.Build.0 = Debug|Any CPU
		{60D6764E-9FFE-465B-907A-04F48FF2AC33}.Release|Any CPU.ActiveCfg = Release|Any CPU
		{60D6764E-9FFE-465B-907A-04F48FF2AC33}.Release|Any CPU.Build.0 = Release|Any CPU
	EndGlobalSection
	GlobalSection(SolutionProperties) = preSolution
		HideSolutionNode = FALSE
	EndGlobalSection
	GlobalSection(ExtensibilityGlobals) = postSolution
		SolutionGuid = {F344FF19-4242-48E3-BB1B-59BFD637EBDB}
	EndGlobalSection
EndGlobal
